
Microsoft Visual Studio Solution File, Format Version 12.00
# Visual Studio Version 16
VisualStudioVersion = 16.0.30503.244
MinimumVisualStudioVersion = 10.0.40219.1
Project("{8BC9CEB8-8B4A-11D0-8D11-00A0C91BC942}") = "Eternity", "Eternity\Eternity.vcxproj", "{7F674D6F-2AB1-4894-A536-1F1E64368DA8}"
EndProject
Project("{8BC9CEB8-8B4A-11D0-8D11-00A0C91BC942}") = "BigRigs", "BigRigs\BigRigs.vcxproj", "{45602B32-25DD-4E7A-8FC3-773190C4DF61}"
EndProject
Global
	GlobalSection(SolutionConfigurationPlatforms) = preSolution
		Debug|x64 = Debug|x64
		Debug|x86 = Debug|x86
		Release|x64 = Release|x64
		Release|x86 = Release|x86
	EndGlobalSection
	GlobalSection(ProjectConfigurationPlatforms) = postSolution
		{7F674D6F-2AB1-4894-A536-1F1E64368DA8}.Debug|x64.ActiveCfg = Debug|x64
		{7F674D6F-2AB1-4894-A536-1F1E64368DA8}.Debug|x64.Build.0 = Debug|x64
		{7F674D6F-2AB1-4894-A536-1F1E64368DA8}.Debug|x86.ActiveCfg = Debug|Win32
		{7F674D6F-2AB1-4894-A536-1F1E64368DA8}.Debug|x86.Build.0 = Debug|Win32
		{7F674D6F-2AB1-4894-A536-1F1E64368DA8}.Release|x64.ActiveCfg = Release|x64
		{7F674D6F-2AB1-4894-A536-1F1E64368DA8}.Release|x64.Build.0 = Release|x64
		{7F674D6F-2AB1-4894-A536-1F1E64368DA8}.Release|x86.ActiveCfg = Release|Win32
		{7F674D6F-2AB1-4894-A536-1F1E64368DA8}.Release|x86.Build.0 = Release|Win32
		{45602B32-25DD-4E7A-8FC3-773190C4DF61}.Debug|x64.ActiveCfg = Debug|x64
		{45602B32-25DD-4E7A-8FC3-773190C4DF61}.Debug|x64.Build.0 = Debug|x64
		{45602B32-25DD-4E7A-8FC3-773190C4DF61}.Debug|x86.ActiveCfg = Debug|Win32
		{45602B32-25DD-4E7A-8FC3-773190C4DF61}.Debug|x86.Build.0 = Debug|Win32
		{45602B32-25DD-4E7A-8FC3-773190C4DF61}.Release|x64.ActiveCfg = Release|x64
		{45602B32-25DD-4E7A-8FC3-773190C4DF61}.Release|x64.Build.0 = Release|x64
		{45602B32-25DD-4E7A-8FC3-773190C4DF61}.Release|x86.ActiveCfg = Release|Win32
		{45602B32-25DD-4E7A-8FC3-773190C4DF61}.Release|x86.Build.0 = Release|Win32
	EndGlobalSection
	GlobalSection(SolutionProperties) = preSolution
		HideSolutionNode = FALSE
	EndGlobalSection
	GlobalSection(ExtensibilityGlobals) = postSolution
		SolutionGuid = {DE93C2BB-9A7C-455E-B916-E15AC70A738A}
	EndGlobalSection
EndGlobal
